
Microsoft Visual Studio Solution File, Format Version 12.00
# Visual Studio 15
VisualStudioVersion = 15.0.28010.2048
MinimumVisualStudioVersion = 10.0.40219.1
Project("{FAE04EC0-301F-11D3-BF4B-00C04F79EFBC}") = "EchoBot3", "EchoBot3\EchoBot3.csproj", "{8CF84DEA-3B4E-4C58-A8E9-494150D624B3}"
EndProject
Global
	GlobalSection(SolutionConfigurationPlatforms) = preSolution
		Debug|Any CPU = Debug|Any CPU
		Release|Any CPU = Release|Any CPU
	EndGlobalSection
	GlobalSection(ProjectConfigurationPlatforms) = postSolution
		{8CF84DEA-3B4E-4C58-A8E9-494150D624B3}.Debug|Any CPU.ActiveCfg = Debug|Any CPU
		{8CF84DEA-3B4E-4C58-A8E9-494150D624B3}.Debug|Any CPU.Build.0 = Debug|Any CPU
		{8CF84DEA-3B4E-4C58-A8E9-494150D624B3}.Release|Any CPU.ActiveCfg = Release|Any CPU
		{8CF84DEA-3B4E-4C58-A8E9-494150D624B3}.Release|Any CPU.Build.0 = Release|Any CPU
	EndGlobalSection
	GlobalSection(SolutionProperties) = preSolution
		HideSolutionNode = FALSE
	EndGlobalSection
	GlobalSection(ExtensibilityGlobals) = postSolution
		SolutionGuid = {0A2FB6AA-4CCF-42ED-AA0C-1FAB9F16F735}
	EndGlobalSection
EndGlobal
